<?xml version="1.0" encoding="utf-8"?>
<Project ToolsVersion="4.0" xmlns="http://schemas.microsoft.com/developer/msbuild/2003">
  <ItemGroup>
    <Filter Include="Cheesy">
      <UniqueIdentifier>{86BABBAB-725C-E681-5B17-FAD547586DD2}</UniqueIdentifier>
    </Filter>
  </ItemGroup>
  <ItemGroup>
    <ClInclude Include="src\Cheesy.h" />
    <ClInclude Include="src\Cheesy\Application.h">
      <Filter>Cheesy</Filter>
    </ClInclude>
    <ClInclude Include="src\Cheesy\Core.h">
      <Filter>Cheesy</Filter>
    </ClInclude>
    <ClInclude Include="src\Cheesy\EntryPoint.h">
      <Filter>Cheesy</Filter>
    </ClInclude>
    <ClInclude Include="src\Cheesy\Log.h">
      <Filter>Cheesy</Filter>
    </ClInclude>
  </ItemGroup>
  <ItemGroup>
    <ClCompile Include="src\Cheesy\Application.cpp">
      <Filter>Cheesy</Filter>
    </ClCompile>
    <ClCompile Include="src\Cheesy\Log.cpp">
      <Filter>Cheesy</Filter>
    </ClCompile>
  </ItemGroup>
</Project>